{
  "requires": true,
  "lockfileVersion": 1,
  "dependencies": {
    "sweetalert2": {
      "version": "11.1.10",
      "resolved": "https://registry.npmjs.org/sweetalert2/-/sweetalert2-11.1.10.tgz",
      "integrity": "sha512-Zy/Pdsvf6gJoaqnBaLXYrjElJ85ipe9D5FfcSKxJ0b1PPnTS3B5eC3rFB2pPbo9m1p+LVLBZVvE35JPL2vG6xA=="
    },
    "undo-manager": {
      "version": "1.0.5",
      "resolved": "https://registry.npmjs.org/undo-manager/-/undo-manager-1.0.5.tgz",
      "integrity": "sha1-w0jPW710XQ1RY79zPZXyDsDKpxw="
    }
  }
}
